// !$*UTF8*$!
{
	archiveVersion = 1;
	classes = {
	};
	objectVersion = 56;
	objects = {

/* Begin PBXBuildFile section */
		2F9C13AF2947FE84008440EE /* AppMain.swift in Sources */ = {isa = PBXBuildFile; fileRef = 2F9C13AE2947FE84008440EE /* AppMain.swift */; };
		2F9C13B12947FE84008440EE /* ContentView.swift in Sources */ = {isa = PBXBuildFile; fileRef = 2F9C13B02947FE84008440EE /* ContentView.swift */; };
		2F9C13B32947FE85008440EE /* Assets.xcassets in Resources */ = {isa = PBXBuildFile; fileRef = 2F9C13B22947FE85008440EE /* Assets.xcassets */; };
		2F9C13B62947FE85008440EE /* Preview Assets.xcassets in Resources */ = {isa = PBXBuildFile; fileRef = 2F9C13B52947FE85008440EE /* Preview Assets.xcassets */; };
		2F9C13BD29482369008440EE /* Navigator.swift in Sources */ = {isa = PBXBuildFile; fileRef = 2F9C13BC29482369008440EE /* Navigator.swift */; };
		2F9C13C22948244B008440EE /* FirstPage.swift in Sources */ = {isa = PBXBuildFile; fileRef = 2F9C13C12948244B008440EE /* FirstPage.swift */; };
		2F9C13C42948244F008440EE /* SecondPage.swift in Sources */ = {isa = PBXBuildFile; fileRef = 2F9C13C32948244F008440EE /* SecondPage.swift */; };
		2F9C13C829482DC8008440EE /* Meditation.swift in Sources */ = {isa = PBXBuildFile; fileRef = 2F9C13C729482DC8008440EE /* Meditation.swift */; };
		2F9C13CA29482E5F008440EE /* ConfidenceView.swift in Sources */ = {isa = PBXBuildFile; fileRef = 2F9C13C929482E5F008440EE /* ConfidenceView.swift */; };
		2F9C13CC29482FEF008440EE /* MediaPlayerView.swift in Sources */ = {isa = PBXBuildFile; fileRef = 2F9C13CB29482FEF008440EE /* MediaPlayerView.swift */; };
/* End PBXBuildFile section */

/* Begin PBXFileReference section */
		2F9C13AB2947FE84008440EE /* NavigationModern.app */ = {isa = PBXFileReference; explicitFileType = wrapper.application; includeInIndex = 0; path = NavigationModern.app; sourceTree = BUILT_PRODUCTS_DIR; };
		2F9C13AE2947FE84008440EE /* AppMain.swift */ = {isa = PBXFileReference; lastKnownFileType = sourcecode.swift; path = AppMain.swift; sourceTree = "<group>"; };
		2F9C13B02947FE84008440EE /* ContentView.swift */ = {isa = PBXFileReference; lastKnownFileType = sourcecode.swift; path = ContentView.swift; sourceTree = "<group>"; };
		2F9C13B22947FE85008440EE /* Assets.xcassets */ = {isa = PBXFileReference; lastKnownFileType = folder.assetcatalog; path = Assets.xcassets; sourceTree = "<group>"; };
		2F9C13B52947FE85008440EE /* Preview Assets.xcassets */ = {isa = PBXFileReference; lastKnownFileType = folder.assetcatalog; path = "Preview Assets.xcassets"; sourceTree = "<group>"; };
		2F9C13BC29482369008440EE /* Navigator.swift */ = {isa = PBXFileReference; lastKnownFileType = sourcecode.swift; path = Navigator.swift; sourceTree = "<group>"; };
		2F9C13C12948244B008440EE /* FirstPage.swift */ = {isa = PBXFileReference; lastKnownFileType = sourcecode.swift; path = FirstPage.swift; sourceTree = "<group>"; };
		2F9C13C32948244F008440EE /* SecondPage.swift */ = {isa = PBXFileReference; lastKnownFileType = sourcecode.swift; path = SecondPage.swift; sourceTree = "<group>"; };
		2F9C13C729482DC8008440EE /* Meditation.swift */ = {isa = PBXFileReference; lastKnownFileType = sourcecode.swift; path = Meditation.swift; sourceTree = "<group>"; };
		2F9C13C929482E5F008440EE /* ConfidenceView.swift */ = {isa = PBXFileReference; lastKnownFileType = sourcecode.swift; path = ConfidenceView.swift; sourceTree = "<group>"; };
		2F9C13CB29482FEF008440EE /* MediaPlayerView.swift */ = {isa = PBXFileReference; lastKnownFileType = sourcecode.swift; path = MediaPlayerView.swift; sourceTree = "<group>"; };
/* End PBXFileReference section */

/* Begin PBXFrameworksBuildPhase section */
		2F9C13A82947FE84008440EE /* Frameworks */ = {
			isa = PBXFrameworksBuildPhase;
			buildActionMask = 2147483647;
			files = (
			);
			runOnlyForDeploymentPostprocessing = 0;
		};
/* End PBXFrameworksBuildPhase section */

/* Begin PBXGroup section */
		2F9C13A22947FE84008440EE = {
			isa = PBXGroup;
			children = (
				2F9C13AD2947FE84008440EE /* NavigationModern */,
				2F9C13AC2947FE84008440EE /* Products */,
			);
			sourceTree = "<group>";
		};
		2F9C13AC2947FE84008440EE /* Products */ = {
			isa = PBXGroup;
			children = (
				2F9C13AB2947FE84008440EE /* NavigationModern.app */,
			);
			name = Products;
			sourceTree = "<group>";
		};
		2F9C13AD2947FE84008440EE /* NavigationModern */ = {
			isa = PBXGroup;
			children = (
				2F9C13AE2947FE84008440EE /* AppMain.swift */,
				2F9C13CE29483294008440EE /* Model */,
				2F9C13BE294823F0008440EE /* Navigation */,
				2F9C13CD2948328C008440EE /* Views */,
				2F9C13B22947FE85008440EE /* Assets.xcassets */,
				2F9C13B42947FE85008440EE /* Preview Content */,
			);
			path = NavigationModern;
			sourceTree = "<group>";
		};
		2F9C13B42947FE85008440EE /* Preview Content */ = {
			isa = PBXGroup;
			children = (
				2F9C13B52947FE85008440EE /* Preview Assets.xcassets */,
			);
			path = "Preview Content";
			sourceTree = "<group>";
		};
		2F9C13BE294823F0008440EE /* Navigation */ = {
			isa = PBXGroup;
			children = (
				2F9C13BC29482369008440EE /* Navigator.swift */,
			);
			path = Navigation;
			sourceTree = "<group>";
		};
		2F9C13CD2948328C008440EE /* Views */ = {
			isa = PBXGroup;
			children = (
				2F9C13B02947FE84008440EE /* ContentView.swift */,
				2F9C13C12948244B008440EE /* FirstPage.swift */,
				2F9C13C32948244F008440EE /* SecondPage.swift */,
				2F9C13C929482E5F008440EE /* ConfidenceView.swift */,
				2F9C13CB29482FEF008440EE /* MediaPlayerView.swift */,
			);
			path = Views;
			sourceTree = "<group>";
		};
		2F9C13CE29483294008440EE /* Model */ = {
			isa = PBXGroup;
			children = (
				2F9C13C729482DC8008440EE /* Meditation.swift */,
			);
			path = Model;
			sourceTree = "<group>";
		};
/* End PBXGroup section */

/* Begin PBXNativeTarget section */
		2F9C13AA2947FE84008440EE /* NavigationModern */ = {
			isa = PBXNativeTarget;
			buildConfigurationList = 2F9C13B92947FE85008440EE /* Build configuration list for PBXNativeTarget "NavigationModern" */;
			buildPhases = (
				2F9C13A72947FE84008440EE /* Sources */,
				2F9C13A82947FE84008440EE /* Frameworks */,
				2F9C13A92947FE84008440EE /* Resources */,
			);
			buildRules = (
			);
			dependencies = (
			);
			name = NavigationModern;
			productName = NavigationOptimal;
			productReference = 2F9C13AB2947FE84008440EE /* NavigationModern.app */;
			productType = "com.apple.product-type.application";
		};
/* End PBXNativeTarget section */

/* Begin PBXProject section */
		2F9C13A32947FE84008440EE /* Project object */ = {
			isa = PBXProject;
			attributes = {
				BuildIndependentTargetsInParallel = 1;
				LastSwiftUpdateCheck = 1410;
				LastUpgradeCheck = 1410;
				TargetAttributes = {
					2F9C13AA2947FE84008440EE = {
						CreatedOnToolsVersion = 14.1;
					};
				};
			};
			buildConfigurationList = 2F9C13A62947FE84008440EE /* Build configuration list for PBXProject "NavigationModern" */;
			compatibilityVersion = "Xcode 14.0";
			developmentRegion = en;
			hasScannedForEncodings = 0;
			knownRegions = (
				en,
				Base,
			);
			mainGroup = 2F9C13A22947FE84008440EE;
			productRefGroup = 2F9C13AC2947FE84008440EE /* Products */;
			projectDirPath = "";
			projectRoot = "";
			targets = (
				2F9C13AA2947FE84008440EE /* NavigationModern */,
			);
		};
/* End PBXProject section */

/* Begin PBXResourcesBuildPhase section */
		2F9C13A92947FE84008440EE /* Resources */ = {
			isa = PBXResourcesBuildPhase;
			buildActionMask = 2147483647;
			files = (
				2F9C13B62947FE85008440EE /* Preview Assets.xcassets in Resources */,
				2F9C13B32947FE85008440EE /* Assets.xcassets in Resources */,
			);
			runOnlyForDeploymentPostprocessing = 0;
		};
/* End PBXResourcesBuildPhase section */

/* Begin PBXSourcesBuildPhase section */
		2F9C13A72947FE84008440EE /* Sources */ = {
			isa = PBXSourcesBuildPhase;
			buildActionMask = 2147483647;
			files = (
				2F9C13CC29482FEF008440EE /* MediaPlayerView.swift in Sources */,
				2F9C13B12947FE84008440EE /* ContentView.swift in Sources */,
				2F9C13C42948244F008440EE /* SecondPage.swift in Sources */,
				2F9C13AF2947FE84008440EE /* AppMain.swift in Sources */,
				2F9C13C829482DC8008440EE /* Meditation.swift in Sources */,
				2F9C13CA29482E5F008440EE /* ConfidenceView.swift in Sources */,
				2F9C13BD29482369008440EE /* Navigator.swift in Sources */,
				2F9C13C22948244B008440EE /* FirstPage.swift in Sources */,
			);
			runOnlyForDeploymentPostprocessing = 0;
		};
/* End PBXSourcesBuildPhase section */

/* Begin XCBuildConfiguration section */
		2F9C13B72947FE85008440EE /* Debug */ = {
			isa = XCBuildConfiguration;
			buildSettings = {
				ALWAYS_SEARCH_USER_PATHS = NO;
				CLANG_ANALYZER_NONNULL = YES;
				CLANG_ANALYZER_NUMBER_OBJECT_CONVERSION = YES_AGGRESSIVE;
				CLANG_CXX_LANGUAGE_STANDARD = "gnu++20";
				CLANG_ENABLE_MODULES = YES;
				CLANG_ENABLE_OBJC_ARC = YES;
				CLANG_ENABLE_OBJC_WEAK = YES;
				CLANG_WARN_BLOCK_CAPTURE_AUTORELEASING = YES;
				CLANG_WARN_BOOL_CONVERSION = YES;
				CLANG_WARN_COMMA = YES;
				CLANG_WARN_CONSTANT_CONVERSION = YES;
				CLANG_WARN_DEPRECATED_OBJC_IMPLEMENTATIONS = YES;
				CLANG_WARN_DIRECT_OBJC_ISA_USAGE = YES_ERROR;
				CLANG_WARN_DOCUMENTATION_COMMENTS = YES;
				CLANG_WARN_EMPTY_BODY = YES;
				CLANG_WARN_ENUM_CONVERSION = YES;
				CLANG_WARN_INFINITE_RECURSION = YES;
				CLANG_WARN_INT_CONVERSION = YES;
				CLANG_WARN_NON_LITERAL_NULL_CONVERSION = YES;
				CLANG_WARN_OBJC_IMPLICIT_RETAIN_SELF = YES;
				CLANG_WARN_OBJC_LITERAL_CONVERSION = YES;
				CLANG_WARN_OBJC_ROOT_CLASS = YES_ERROR;
				CLANG_WARN_QUOTED_INCLUDE_IN_FRAMEWORK_HEADER = YES;
				CLANG_WARN_RANGE_LOOP_ANALYSIS = YES;
				CLANG_WARN_STRICT_PROTOTYPES = YES;
				CLANG_WARN_SUSPICIOUS_MOVE = YES;
				CLANG_WARN_UNGUARDED_AVAILABILITY = YES_AGGRESSIVE;
				CLANG_WARN_UNREACHABLE_CODE = YES;
				CLANG_WARN__DUPLICATE_METHOD_MATCH = YES;
				COPY_PHASE_STRIP = NO;
				DEBUG_INFORMATION_FORMAT = dwarf;
				ENABLE_STRICT_OBJC_MSGSEND = YES;
				ENABLE_TESTABILITY = YES;
				GCC_C_LANGUAGE_STANDARD = gnu11;
				GCC_DYNAMIC_NO_PIC = NO;
				GCC_NO_COMMON_BLOCKS = YES;
				GCC_OPTIMIZATION_LEVEL = 0;
				GCC_PREPROCESSOR_DEFINITIONS = (
					"DEBUG=1",
					"$(inherited)",
				);
				GCC_WARN_64_TO_32_BIT_CONVERSION = YES;
				GCC_WARN_ABOUT_RETURN_TYPE = YES_ERROR;
				GCC_WARN_UNDECLARED_SELECTOR = YES;
				GCC_WARN_UNINITIALIZED_AUTOS = YES_AGGRESSIVE;
				GCC_WARN_UNUSED_FUNCTION = YES;
				GCC_WARN_UNUSED_VARIABLE = YES;
				IPHONEOS_DEPLOYMENT_TARGET = 16.1;
				MTL_ENABLE_DEBUG_INFO = INCLUDE_SOURCE;
				MTL_FAST_MATH = YES;
				ONLY_ACTIVE_ARCH = YES;
				SDKROOT = iphoneos;
				SWIFT_ACTIVE_COMPILATION_CONDITIONS = DEBUG;
				SWIFT_OPTIMIZATION_LEVEL = "-Onone";
			};
			name = Debug;
		};
		2F9C13B82947FE85008440EE /* Release */ = {
			isa = XCBuildConfiguration;
			buildSettings = {
				ALWAYS_SEARCH_USER_PATHS = NO;
				CLANG_ANALYZER_NONNULL = YES;
				CLANG_ANALYZER_NUMBER_OBJECT_CONVERSION = YES_AGGRESSIVE;
				CLANG_CXX_LANGUAGE_STANDARD = "gnu++20";
				CLANG_ENABLE_MODULES = YES;
				CLANG_ENABLE_OBJC_ARC = YES;
				CLANG_ENABLE_OBJC_WEAK = YES;
				CLANG_WARN_BLOCK_CAPTURE_AUTORELEASING = YES;
				CLANG_WARN_BOOL_CONVERSION = YES;
				CLANG_WARN_COMMA = YES;
				CLANG_WARN_CONSTANT_CONVERSION = YES;
				CLANG_WARN_DEPRECATED_OBJC_IMPLEMENTATIONS = YES;
				CLANG_WARN_DIRECT_OBJC_ISA_USAGE = YES_ERROR;
				CLANG_WARN_DOCUMENTATION_COMMENTS = YES;
				CLANG_WARN_EMPTY_BODY = YES;
				CLANG_WARN_ENUM_CONVERSION = YES;
				CLANG_WARN_INFINITE_RECURSION = YES;
				CLANG_WARN_INT_CONVERSION = YES;
				CLANG_WARN_NON_LITERAL_NULL_CONVERSION = YES;
				CLANG_WARN_OBJC_IMPLICIT_RETAIN_SELF = YES;
				CLANG_WARN_OBJC_LITERAL_CONVERSION = YES;
				CLANG_WARN_OBJC_ROOT_CLASS = YES_ERROR;
				CLANG_WARN_QUOTED_INCLUDE_IN_FRAMEWORK_HEADER = YES;
				CLANG_WARN_RANGE_LOOP_ANALYSIS = YES;
				CLANG_WARN_STRICT_PROTOTYPES = YES;
				CLANG_WARN_SUSPICIOUS_MOVE = YES;
				CLANG_WARN_UNGUARDED_AVAILABILITY = YES_AGGRESSIVE;
				CLANG_WARN_UNREACHABLE_CODE = YES;
				CLANG_WARN__DUPLICATE_METHOD_MATCH = YES;
				COPY_PHASE_STRIP = NO;
				DEBUG_INFORMATION_FORMAT = "dwarf-with-dsym";
				ENABLE_NS_ASSERTIONS = NO;
				ENABLE_STRICT_OBJC_MSGSEND = YES;
				GCC_C_LANGUAGE_STANDARD = gnu11;
				GCC_NO_COMMON_BLOCKS = YES;
				GCC_WARN_64_TO_32_BIT_CONVERSION = YES;
				GCC_WARN_ABOUT_RETURN_TYPE = YES_ERROR;
				GCC_WARN_UNDECLARED_SELECTOR = YES;
				GCC_WARN_UNINITIALIZED_AUTOS = YES_AGGRESSIVE;
				GCC_WARN_UNUSED_FUNCTION = YES;
				GCC_WARN_UNUSED_VARIABLE = YES;
				IPHONEOS_DEPLOYMENT_TARGET = 16.1;
				MTL_ENABLE_DEBUG_INFO = NO;
				MTL_FAST_MATH = YES;
				SDKROOT = iphoneos;
				SWIFT_COMPILATION_MODE = wholemodule;
				SWIFT_OPTIMIZATION_LEVEL = "-O";
				VALIDATE_PRODUCT = YES;
			};
			name = Release;
		};
		2F9C13BA2947FE85008440EE /* Debug */ = {
			isa = XCBuildConfiguration;
			buildSettings = {
				ASSETCATALOG_COMPILER_APPICON_NAME = AppIcon;
				ASSETCATALOG_COMPILER_GLOBAL_ACCENT_COLOR_NAME = AccentColor;
				CODE_SIGN_STYLE = Automatic;
				CURRENT_PROJECT_VERSION = 1;
				DEVELOPMENT_ASSET_PATHS = "\"NavigationModern/Preview Content\"";
				DEVELOPMENT_TEAM = 4BP826FJGX;
				ENABLE_PREVIEWS = YES;
				GENERATE_INFOPLIST_FILE = YES;
				INFOPLIST_KEY_UIApplicationSceneManifest_Generation = YES;
				INFOPLIST_KEY_UIApplicationSupportsIndirectInputEvents = YES;
				INFOPLIST_KEY_UILaunchScreen_Generation = YES;
				INFOPLIST_KEY_UISupportedInterfaceOrientations_iPad = "UIInterfaceOrientationPortrait UIInterfaceOrientationPortraitUpsideDown UIInterfaceOrientationLandscapeLeft UIInterfaceOrientationLandscapeRight";
				INFOPLIST_KEY_UISupportedInterfaceOrientations_iPhone = "UIInterfaceOrientationPortrait UIInterfaceOrientationLandscapeLeft UIInterfaceOrientationLandscapeRight";
				LD_RUNPATH_SEARCH_PATHS = (
					"$(inherited)",
					"@executable_path/Frameworks",
				);
				MARKETING_VERSION = 1.0;
				PRODUCT_BUNDLE_IDENTIFIER = dev.neurothrone.NavigationModern;
				PRODUCT_NAME = "$(TARGET_NAME)";
				SWIFT_EMIT_LOC_STRINGS = YES;
				SWIFT_VERSION = 5.0;
				TARGETED_DEVICE_FAMILY = "1,2";
			};
			name = Debug;
		};
		2F9C13BB2947FE85008440EE /* Release */ = {
			isa = XCBuildConfiguration;
			buildSettings = {
				ASSETCATALOG_COMPILER_APPICON_NAME = AppIcon;
				ASSETCATALOG_COMPILER_GLOBAL_ACCENT_COLOR_NAME = AccentColor;
				CODE_SIGN_STYLE = Automatic;
				CURRENT_PROJECT_VERSION = 1;
				DEVELOPMENT_ASSET_PATHS = "\"NavigationModern/Preview Content\"";
				DEVELOPMENT_TEAM = 4BP826FJGX;
				ENABLE_PREVIEWS = YES;
				GENERATE_INFOPLIST_FILE = YES;
				INFOPLIST_KEY_UIApplicationSceneManifest_Generation = YES;
				INFOPLIST_KEY_UIApplicationSupportsIndirectInputEvents = YES;
				INFOPLIST_KEY_UILaunchScreen_Generation = YES;
				INFOPLIST_KEY_UISupportedInterfaceOrientations_iPad = "UIInterfaceOrientationPortrait UIInterfaceOrientationPortraitUpsideDown UIInterfaceOrientationLandscapeLeft UIInterfaceOrientationLandscapeRight";
				INFOPLIST_KEY_UISupportedInterfaceOrientations_iPhone = "UIInterfaceOrientationPortrait UIInterfaceOrientationLandscapeLeft UIInterfaceOrientationLandscapeRight";
				LD_RUNPATH_SEARCH_PATHS = (
					"$(inherited)",
					"@executable_path/Frameworks",
				);
				MARKETING_VERSION = 1.0;
				PRODUCT_BUNDLE_IDENTIFIER = dev.neurothrone.NavigationModern;
				PRODUCT_NAME = "$(TARGET_NAME)";
				SWIFT_EMIT_LOC_STRINGS = YES;
				SWIFT_VERSION = 5.0;
				TARGETED_DEVICE_FAMILY = "1,2";
			};
			name = Release;
		};
/* End XCBuildConfiguration section */

/* Begin XCConfigurationList section */
		2F9C13A62947FE84008440EE /* Build configuration list for PBXProject "NavigationModern" */ = {
			isa = XCConfigurationList;
			buildConfigurations = (
				2F9C13B72947FE85008440EE /* Debug */,
				2F9C13B82947FE85008440EE /* Release */,
			);
			defaultConfigurationIsVisible = 0;
			defaultConfigurationName = Release;
		};
		2F9C13B92947FE85008440EE /* Build configuration list for PBXNativeTarget "NavigationModern" */ = {
			isa = XCConfigurationList;
			buildConfigurations = (
				2F9C13BA2947FE85008440EE /* Debug */,
				2F9C13BB2947FE85008440EE /* Release */,
			);
			defaultConfigurationIsVisible = 0;
			defaultConfigurationName = Release;
		};
/* End XCConfigurationList section */
	};
	rootObject = 2F9C13A32947FE84008440EE /* Project object */;
}
